
Microsoft Visual Studio Solution File, Format Version 12.00
# Visual Studio 15
VisualStudioVersion = 15.0.27703.2000
MinimumVisualStudioVersion = 10.0.40219.1
Project("{9A19103F-16F7-4668-BE54-9A1E7A4F7556}") = "WebAPI", "WebAPI\WebAPI.csproj", "{C32C094C-E29F-4C31-88E7-71909F31A05C}"
EndProject
Project("{FAE04EC0-301F-11D3-BF4B-00C04F79EFBC}") = "XamarinFormsApp.Android", "XamarinFormsApp\XamarinFormsApp.Android\XamarinFormsApp.Android.csproj", "{C7CD04CB-C04E-4776-A4B7-EA7733D669D6}"
EndProject
Project("{FAE04EC0-301F-11D3-BF4B-00C04F79EFBC}") = "XamarinFormsApp.iOS", "XamarinFormsApp\XamarinFormsApp.iOS\XamarinFormsApp.iOS.csproj", "{277DE0FD-210C-4997-9CCF-E73E73FDB009}"
EndProject
Project("{FAE04EC0-301F-11D3-BF4B-00C04F79EFBC}") = "XamarinFormsApp.UWP", "XamarinFormsApp\XamarinFormsApp.UWP\XamarinFormsApp.UWP.csproj", "{4E5FC206-0571-4C24-93EA-74BB33072311}"
EndProject
Project("{9A19103F-16F7-4668-BE54-9A1E7A4F7556}") = "XamarinFormsApp", "XamarinFormsApp\XamarinFormsApp\XamarinFormsApp.csproj", "{806E12DA-094C-440E-A37D-3507A960079B}"
EndProject
Global
	GlobalSection(SolutionConfigurationPlatforms) = preSolution
		Ad-Hoc|Any CPU = Ad-Hoc|Any CPU
		Ad-Hoc|ARM = Ad-Hoc|ARM
		Ad-Hoc|iPhone = Ad-Hoc|iPhone
		Ad-Hoc|iPhoneSimulator = Ad-Hoc|iPhoneSimulator
		Ad-Hoc|x64 = Ad-Hoc|x64
		Ad-Hoc|x86 = Ad-Hoc|x86
		AppStore|Any CPU = AppStore|Any CPU
		AppStore|ARM = AppStore|ARM
		AppStore|iPhone = AppStore|iPhone
		AppStore|iPhoneSimulator = AppStore|iPhoneSimulator
		AppStore|x64 = AppStore|x64
		AppStore|x86 = AppStore|x86
		Debug|Any CPU = Debug|Any CPU
		Debug|ARM = Debug|ARM
		Debug|iPhone = Debug|iPhone
		Debug|iPhoneSimulator = Debug|iPhoneSimulator
		Debug|x64 = Debug|x64
		Debug|x86 = Debug|x86
		Release|Any CPU = Release|Any CPU
		Release|ARM = Release|ARM
		Release|iPhone = Release|iPhone
		Release|iPhoneSimulator = Release|iPhoneSimulator
		Release|x64 = Release|x64
		Release|x86 = Release|x86
	EndGlobalSection
	GlobalSection(ProjectConfigurationPlatforms) = postSolution
		{C32C094C-E29F-4C31-88E7-71909F31A05C}.Ad-Hoc|Any CPU.ActiveCfg = Release|Any CPU
		{C32C094C-E29F-4C31-88E7-71909F31A05C}.Ad-Hoc|Any CPU.Build.0 = Release|Any CPU
		{C32C094C-E29F-4C31-88E7-71909F31A05C}.Ad-Hoc|ARM.ActiveCfg = Release|Any CPU
		{C32C094C-E29F-4C31-88E7-71909F31A05C}.Ad-Hoc|ARM.Build.0 = Release|Any CPU
		{C32C094C-E29F-4C31-88E7-71909F31A05C}.Ad-Hoc|iPhone.ActiveCfg = Release|Any CPU
		{C32C094C-E29F-4C31-88E7-71909F31A05C}.Ad-Hoc|iPhone.Build.0 = Release|Any CPU
		{C32C094C-E29F-4C31-88E7-71909F31A05C}.Ad-Hoc|iPhoneSimulator.ActiveCfg = Release|Any CPU
		{C32C094C-E29F-4C31-88E7-71909F31A05C}.Ad-Hoc|iPhoneSimulator.Build.0 = Release|Any CPU
		{C32C094C-E29F-4C31-88E7-71909F31A05C}.Ad-Hoc|x64.ActiveCfg = Release|Any CPU
		{C32C094C-E29F-4C31-88E7-71909F31A05C}.Ad-Hoc|x64.Build.0 = Release|Any CPU
		{C32C094C-E29F-4C31-88E7-71909F31A05C}.Ad-Hoc|x86.ActiveCfg = Release|Any CPU
		{C32C094C-E29F-4C31-88E7-71909F31A05C}.Ad-Hoc|x86.Build.0 = Release|Any CPU
		{C32C094C-E29F-4C31-88E7-71909F31A05C}.AppStore|Any CPU.ActiveCfg = Release|Any CPU
		{C32C094C-E29F-4C31-88E7-71909F31A05C}.AppStore|Any CPU.Build.0 = Release|Any CPU
		{C32C094C-E29F-4C31-88E7-71909F31A05C}.AppStore|ARM.ActiveCfg = Release|Any CPU
		{C32C094C-E29F-4C31-88E7-71909F31A05C}.AppStore|ARM.Build.0 = Release|Any CPU
		{C32C094C-E29F-4C31-88E7-71909F31A05C}.AppStore|iPhone.ActiveCfg = Release|Any CPU
		{C32C094C-E29F-4C31-88E7-71909F31A05C}.AppStore|iPhone.Build.0 = Release|Any CPU
		{C32C094C-E29F-4C31-88E7-71909F31A05C}.AppStore|iPhoneSimulator.ActiveCfg = Release|Any CPU
		{C32C094C-E29F-4C31-88E7-71909F31A05C}.AppStore|iPhoneSimulator.Build.0 = Release|Any CPU
		{C32C094C-E29F-4C31-88E7-71909F31A05C}.AppStore|x64.ActiveCfg = Release|Any CPU
		{C32C094C-E29F-4C31-88E7-71909F31A05C}.AppStore|x64.Build.0 = Release|Any CPU
		{C32C094C-E29F-4C31-88E7-71909F31A05C}.AppStore|x86.ActiveCfg = Release|Any CPU
		{C32C094C-E29F-4C31-88E7-71909F31A05C}.AppStore|x86.Build.0 = Release|Any CPU
		{C32C094C-E29F-4C31-88E7-71909F31A05C}.Debug|Any CPU.ActiveCfg = Debug|Any CPU
		{C32C094C-E29F-4C31-88E7-71909F31A05C}.Debug|Any CPU.Build.0 = Debug|Any CPU
		{C32C094C-E29F-4C31-88E7-71909F31A05C}.Debug|ARM.ActiveCfg = Debug|Any CPU
		{C32C094C-E29F-4C31-88E7-71909F31A05C}.Debug|ARM.Build.0 = Debug|Any CPU
		{C32C094C-E29F-4C31-88E7-71909F31A05C}.Debug|iPhone.ActiveCfg = Debug|Any CPU
		{C32C094C-E29F-4C31-88E7-71909F31A05C}.Debug|iPhone.Build.0 = Debug|Any CPU
		{C32C094C-E29F-4C31-88E7-71909F31A05C}.Debug|iPhoneSimulator.ActiveCfg = Debug|Any CPU
		{C32C094C-E29F-4C31-88E7-71909F31A05C}.Debug|iPhoneSimulator.Build.0 = Debug|Any CPU
		{C32C094C-E29F-4C31-88E7-71909F31A05C}.Debug|x64.ActiveCfg = Debug|Any CPU
		{C32C094C-E29F-4C31-88E7-71909F31A05C}.Debug|x64.Build.0 = Debug|Any CPU
		{C32C094C-E29F-4C31-88E7-71909F31A05C}.Debug|x86.ActiveCfg = Debug|Any CPU
		{C32C094C-E29F-4C31-88E7-71909F31A05C}.Debug|x86.Build.0 = Debug|Any CPU
		{C32C094C-E29F-4C31-88E7-71909F31A05C}.Release|Any CPU.ActiveCfg = Release|Any CPU
		{C32C094C-E29F-4C31-88E7-71909F31A05C}.Release|Any CPU.Build.0 = Release|Any CPU
		{C32C094C-E29F-4C31-88E7-71909F31A05C}.Release|ARM.ActiveCfg = Release|Any CPU
		{C32C094C-E29F-4C31-88E7-71909F31A05C}.Release|ARM.Build.0 = Release|Any CPU
		{C32C094C-E29F-4C31-88E7-71909F31A05C}.Release|iPhone.ActiveCfg = Release|Any CPU
		{C32C094C-E29F-4C31-88E7-71909F31A05C}.Release|iPhone.Build.0 = Release|Any CPU
		{C32C094C-E29F-4C31-88E7-71909F31A05C}.Release|iPhoneSimulator.ActiveCfg = Release|Any CPU
		{C32C094C-E29F-4C31-88E7-71909F31A05C}.Release|iPhoneSimulator.Build.0 = Release|Any CPU
		{C32C094C-E29F-4C31-88E7-71909F31A05C}.Release|x64.ActiveCfg = Release|Any CPU
		{C32C094C-E29F-4C31-88E7-71909F31A05C}.Release|x64.Build.0 = Release|Any CPU
		{C32C094C-E29F-4C31-88E7-71909F31A05C}.Release|x86.ActiveCfg = Release|Any CPU
		{C32C094C-E29F-4C31-88E7-71909F31A05C}.Release|x86.Build.0 = Release|Any CPU
		{C7CD04CB-C04E-4776-A4B7-EA7733D669D6}.Ad-Hoc|Any CPU.ActiveCfg = Release|Any CPU
		{C7CD04CB-C04E-4776-A4B7-EA7733D669D6}.Ad-Hoc|Any CPU.Build.0 = Release|Any CPU
		{C7CD04CB-C04E-4776-A4B7-EA7733D669D6}.Ad-Hoc|Any CPU.Deploy.0 = Release|Any CPU
		{C7CD04CB-C04E-4776-A4B7-EA7733D669D6}.Ad-Hoc|ARM.ActiveCfg = Release|Any CPU
		{C7CD04CB-C04E-4776-A4B7-EA7733D669D6}.Ad-Hoc|ARM.Build.0 = Release|Any CPU
		{C7CD04CB-C04E-4776-A4B7-EA7733D669D6}.Ad-Hoc|ARM.Deploy.0 = Release|Any CPU
		{C7CD04CB-C04E-4776-A4B7-EA7733D669D6}.Ad-Hoc|iPhone.ActiveCfg = Release|Any CPU
		{C7CD04CB-C04E-4776-A4B7-EA7733D669D6}.Ad-Hoc|iPhone.Build.0 = Release|Any CPU
		{C7CD04CB-C04E-4776-A4B7-EA7733D669D6}.Ad-Hoc|iPhone.Deploy.0 = Release|Any CPU
		{C7CD04CB-C04E-4776-A4B7-EA7733D669D6}.Ad-Hoc|iPhoneSimulator.ActiveCfg = Release|Any CPU
		{C7CD04CB-C04E-4776-A4B7-EA7733D669D6}.Ad-Hoc|iPhoneSimulator.Build.0 = Release|Any CPU
		{C7CD04CB-C04E-4776-A4B7-EA7733D669D6}.Ad-Hoc|iPhoneSimulator.Deploy.0 = Release|Any CPU
		{C7CD04CB-C04E-4776-A4B7-EA7733D669D6}.Ad-Hoc|x64.ActiveCfg = Release|Any CPU
		{C7CD04CB-C04E-4776-A4B7-EA7733D669D6}.Ad-Hoc|x64.Build.0 = Release|Any CPU
		{C7CD04CB-C04E-4776-A4B7-EA7733D669D6}.Ad-Hoc|x64.Deploy.0 = Release|Any CPU
		{C7CD04CB-C04E-4776-A4B7-EA7733D669D6}.Ad-Hoc|x86.ActiveCfg = Release|Any CPU
		{C7CD04CB-C04E-4776-A4B7-EA7733D669D6}.Ad-Hoc|x86.Build.0 = Release|Any CPU
		{C7CD04CB-C04E-4776-A4B7-EA7733D669D6}.Ad-Hoc|x86.Deploy.0 = Release|Any CPU
		{C7CD04CB-C04E-4776-A4B7-EA7733D669D6}.AppStore|Any CPU.ActiveCfg = Release|Any CPU
		{C7CD04CB-C04E-4776-A4B7-EA7733D669D6}.AppStore|Any CPU.Build.0 = Release|Any CPU
		{C7CD04CB-C04E-4776-A4B7-EA7733D669D6}.AppStore|Any CPU.Deploy.0 = Release|Any CPU
		{C7CD04CB-C04E-4776-A4B7-EA7733D669D6}.AppStore|ARM.ActiveCfg = Release|Any CPU
		{C7CD04CB-C04E-4776-A4B7-EA7733D669D6}.AppStore|ARM.Build.0 = Release|Any CPU
		{C7CD04CB-C04E-4776-A4B7-EA7733D669D6}.AppStore|ARM.Deploy.0 = Release|Any CPU
		{C7CD04CB-C04E-4776-A4B7-EA7733D669D6}.AppStore|iPhone.ActiveCfg = Release|Any CPU
		{C7CD04CB-C04E-4776-A4B7-EA7733D669D6}.AppStore|iPhone.Build.0 = Release|Any CPU
		{C7CD04CB-C04E-4776-A4B7-EA7733D669D6}.AppStore|iPhone.Deploy.0 = Release|Any CPU
		{C7CD04CB-C04E-4776-A4B7-EA7733D669D6}.AppStore|iPhoneSimulator.ActiveCfg = Release|Any CPU
		{C7CD04CB-C04E-4776-A4B7-EA7733D669D6}.AppStore|iPhoneSimulator.Build.0 = Release|Any CPU
		{C7CD04CB-C04E-4776-A4B7-EA7733D669D6}.AppStore|iPhoneSimulator.Deploy.0 = Release|Any CPU
		{C7CD04CB-C04E-4776-A4B7-EA7733D669D6}.AppStore|x64.ActiveCfg = Release|Any CPU
		{C7CD04CB-C04E-4776-A4B7-EA7733D669D6}.AppStore|x64.Build.0 = Release|Any CPU
		{C7CD04CB-C04E-4776-A4B7-EA7733D669D6}.AppStore|x64.Deploy.0 = Release|Any CPU
		{C7CD04CB-C04E-4776-A4B7-EA7733D669D6}.AppStore|x86.ActiveCfg = Release|Any CPU
		{C7CD04CB-C04E-4776-A4B7-EA7733D669D6}.AppStore|x86.Build.0 = Release|Any CPU
		{C7CD04CB-C04E-4776-A4B7-EA7733D669D6}.AppStore|x86.Deploy.0 = Release|Any CPU
		{C7CD04CB-C04E-4776-A4B7-EA7733D669D6}.Debug|Any CPU.ActiveCfg = Debug|Any CPU
		{C7CD04CB-C04E-4776-A4B7-EA7733D669D6}.Debug|Any CPU.Build.0 = Debug|Any CPU
		{C7CD04CB-C04E-4776-A4B7-EA7733D669D6}.Debug|Any CPU.Deploy.0 = Debug|Any CPU
		{C7CD04CB-C04E-4776-A4B7-EA7733D669D6}.Debug|ARM.ActiveCfg = Debug|Any CPU
		{C7CD04CB-C04E-4776-A4B7-EA7733D669D6}.Debug|ARM.Build.0 = Debug|Any CPU
		{C7CD04CB-C04E-4776-A4B7-EA7733D669D6}.Debug|ARM.Deploy.0 = Debug|Any CPU
		{C7CD04CB-C04E-4776-A4B7-EA7733D669D6}.Debug|iPhone.ActiveCfg = Debug|Any CPU
		{C7CD04CB-C04E-4776-A4B7-EA7733D669D6}.Debug|iPhone.Build.0 = Debug|Any CPU
		{C7CD04CB-C04E-4776-A4B7-EA7733D669D6}.Debug|iPhone.Deploy.0 = Debug|Any CPU
		{C7CD04CB-C04E-4776-A4B7-EA7733D669D6}.Debug|iPhoneSimulator.ActiveCfg = Debug|Any CPU
		{C7CD04CB-C04E-4776-A4B7-EA7733D669D6}.Debug|iPhoneSimulator.Build.0 = Debug|Any CPU
		{C7CD04CB-C04E-4776-A4B7-EA7733D669D6}.Debug|iPhoneSimulator.Deploy.0 = Debug|Any CPU
		{C7CD04CB-C04E-4776-A4B7-EA7733D669D6}.Debug|x64.ActiveCfg = Debug|Any CPU
		{C7CD04CB-C04E-4776-A4B7-EA7733D669D6}.Debug|x64.Build.0 = Debug|Any CPU
		{C7CD04CB-C04E-4776-A4B7-EA7733D669D6}.Debug|x64.Deploy.0 = Debug|Any CPU
		{C7CD04CB-C04E-4776-A4B7-EA7733D669D6}.Debug|x86.ActiveCfg = Debug|Any CPU
		{C7CD04CB-C04E-4776-A4B7-EA7733D669D6}.Debug|x86.Build.0 = Debug|Any CPU
		{C7CD04CB-C04E-4776-A4B7-EA7733D669D6}.Debug|x86.Deploy.0 = Debug|Any CPU
		{C7CD04CB-C04E-4776-A4B7-EA7733D669D6}.Release|Any CPU.ActiveCfg = Release|Any CPU
		{C7CD04CB-C04E-4776-A4B7-EA7733D669D6}.Release|Any CPU.Build.0 = Release|Any CPU
		{C7CD04CB-C04E-4776-A4B7-EA7733D669D6}.Release|Any CPU.Deploy.0 = Release|Any CPU
		{C7CD04CB-C04E-4776-A4B7-EA7733D669D6}.Release|ARM.ActiveCfg = Release|Any CPU
		{C7CD04CB-C04E-4776-A4B7-EA7733D669D6}.Release|ARM.Build.0 = Release|Any CPU
		{C7CD04CB-C04E-4776-A4B7-EA7733D669D6}.Release|ARM.Deploy.0 = Release|Any CPU
		{C7CD04CB-C04E-4776-A4B7-EA7733D669D6}.Release|iPhone.ActiveCfg = Release|Any CPU
		{C7CD04CB-C04E-4776-A4B7-EA7733D669D6}.Release|iPhone.Build.0 = Release|Any CPU
		{C7CD04CB-C04E-4776-A4B7-EA7733D669D6}.Release|iPhone.Deploy.0 = Release|Any CPU
		{C7CD04CB-C04E-4776-A4B7-EA7733D669D6}.Release|iPhoneSimulator.ActiveCfg = Release|Any CPU
		{C7CD04CB-C04E-4776-A4B7-EA7733D669D6}.Release|iPhoneSimulator.Build.0 = Release|Any CPU
		{C7CD04CB-C04E-4776-A4B7-EA7733D669D6}.Release|iPhoneSimulator.Deploy.0 = Release|Any CPU
		{C7CD04CB-C04E-4776-A4B7-EA7733D669D6}.Release|x64.ActiveCfg = Release|Any CPU
		{C7CD04CB-C04E-4776-A4B7-EA7733D669D6}.Release|x64.Build.0 = Release|Any CPU
		{C7CD04CB-C04E-4776-A4B7-EA7733D669D6}.Release|x64.Deploy.0 = Release|Any CPU
		{C7CD04CB-C04E-4776-A4B7-EA7733D669D6}.Release|x86.ActiveCfg = Release|Any CPU
		{C7CD04CB-C04E-4776-A4B7-EA7733D669D6}.Release|x86.Build.0 = Release|Any CPU
		{C7CD04CB-C04E-4776-A4B7-EA7733D669D6}.Release|x86.Deploy.0 = Release|Any CPU
		{277DE0FD-210C-4997-9CCF-E73E73FDB009}.Ad-Hoc|Any CPU.ActiveCfg = Ad-Hoc|iPhone
		{277DE0FD-210C-4997-9CCF-E73E73FDB009}.Ad-Hoc|ARM.ActiveCfg = Ad-Hoc|iPhone
		{277DE0FD-210C-4997-9CCF-E73E73FDB009}.Ad-Hoc|iPhone.ActiveCfg = Ad-Hoc|iPhone
		{277DE0FD-210C-4997-9CCF-E73E73FDB009}.Ad-Hoc|iPhone.Build.0 = Ad-Hoc|iPhone
		{277DE0FD-210C-4997-9CCF-E73E73FDB009}.Ad-Hoc|iPhoneSimulator.ActiveCfg = Ad-Hoc|iPhoneSimulator
		{277DE0FD-210C-4997-9CCF-E73E73FDB009}.Ad-Hoc|iPhoneSimulator.Build.0 = Ad-Hoc|iPhoneSimulator
		{277DE0FD-210C-4997-9CCF-E73E73FDB009}.Ad-Hoc|x64.ActiveCfg = Ad-Hoc|iPhone
		{277DE0FD-210C-4997-9CCF-E73E73FDB009}.Ad-Hoc|x86.ActiveCfg = Ad-Hoc|iPhone
		{277DE0FD-210C-4997-9CCF-E73E73FDB009}.AppStore|Any CPU.ActiveCfg = AppStore|iPhone
		{277DE0FD-210C-4997-9CCF-E73E73FDB009}.AppStore|ARM.ActiveCfg = AppStore|iPhone
		{277DE0FD-210C-4997-9CCF-E73E73FDB009}.AppStore|iPhone.ActiveCfg = AppStore|iPhone
		{277DE0FD-210C-4997-9CCF-E73E73FDB009}.AppStore|iPhone.Build.0 = AppStore|iPhone
		{277DE0FD-210C-4997-9CCF-E73E73FDB009}.AppStore|iPhoneSimulator.ActiveCfg = AppStore|iPhoneSimulator
		{277DE0FD-210C-4997-9CCF-E73E73FDB009}.AppStore|iPhoneSimulator.Build.0 = AppStore|iPhoneSimulator
		{277DE0FD-210C-4997-9CCF-E73E73FDB009}.AppStore|x64.ActiveCfg = AppStore|iPhone
		{277DE0FD-210C-4997-9CCF-E73E73FDB009}.AppStore|x86.ActiveCfg = AppStore|iPhone
		{277DE0FD-210C-4997-9CCF-E73E73FDB009}.Debug|Any CPU.ActiveCfg = Debug|iPhone
		{277DE0FD-210C-4997-9CCF-E73E73FDB009}.Debug|ARM.ActiveCfg = Debug|iPhone
		{277DE0FD-210C-4997-9CCF-E73E73FDB009}.Debug|iPhone.ActiveCfg = Debug|iPhone
		{277DE0FD-210C-4997-9CCF-E73E73FDB009}.Debug|iPhone.Build.0 = Debug|iPhone
		{277DE0FD-210C-4997-9CCF-E73E73FDB009}.Debug|iPhoneSimulator.ActiveCfg = Debug|iPhoneSimulator
		{277DE0FD-210C-4997-9CCF-E73E73FDB009}.Debug|iPhoneSimulator.Build.0 = Debug|iPhoneSimulator
		{277DE0FD-210C-4997-9CCF-E73E73FDB009}.Debug|x64.ActiveCfg = Debug|iPhone
		{277DE0FD-210C-4997-9CCF-E73E73FDB009}.Debug|x86.ActiveCfg = Debug|iPhone
		{277DE0FD-210C-4997-9CCF-E73E73FDB009}.Release|Any CPU.ActiveCfg = Release|iPhone
		{277DE0FD-210C-4997-9CCF-E73E73FDB009}.Release|ARM.ActiveCfg = Release|iPhone
		{277DE0FD-210C-4997-9CCF-E73E73FDB009}.Release|iPhone.ActiveCfg = Release|iPhone
		{277DE0FD-210C-4997-9CCF-E73E73FDB009}.Release|iPhone.Build.0 = Release|iPhone
		{277DE0FD-210C-4997-9CCF-E73E73FDB009}.Release|iPhoneSimulator.ActiveCfg = Release|iPhoneSimulator
		{277DE0FD-210C-4997-9CCF-E73E73FDB009}.Release|iPhoneSimulator.Build.0 = Release|iPhoneSimulator
		{277DE0FD-210C-4997-9CCF-E73E73FDB009}.Release|x64.ActiveCfg = Release|iPhone
		{277DE0FD-210C-4997-9CCF-E73E73FDB009}.Release|x86.ActiveCfg = Release|iPhone
		{4E5FC206-0571-4C24-93EA-74BB33072311}.Ad-Hoc|Any CPU.ActiveCfg = Release|x86
		{4E5FC206-0571-4C24-93EA-74BB33072311}.Ad-Hoc|Any CPU.Build.0 = Release|x86
		{4E5FC206-0571-4C24-93EA-74BB33072311}.Ad-Hoc|Any CPU.Deploy.0 = Release|x86
		{4E5FC206-0571-4C24-93EA-74BB33072311}.Ad-Hoc|ARM.ActiveCfg = Release|ARM
		{4E5FC206-0571-4C24-93EA-74BB33072311}.Ad-Hoc|ARM.Build.0 = Release|ARM
		{4E5FC206-0571-4C24-93EA-74BB33072311}.Ad-Hoc|ARM.Deploy.0 = Release|ARM
		{4E5FC206-0571-4C24-93EA-74BB33072311}.Ad-Hoc|iPhone.ActiveCfg = Release|x86
		{4E5FC206-0571-4C24-93EA-74BB33072311}.Ad-Hoc|iPhone.Build.0 = Release|x86
		{4E5FC206-0571-4C24-93EA-74BB33072311}.Ad-Hoc|iPhone.Deploy.0 = Release|x86
		{4E5FC206-0571-4C24-93EA-74BB33072311}.Ad-Hoc|iPhoneSimulator.ActiveCfg = Release|x86
		{4E5FC206-0571-4C24-93EA-74BB33072311}.Ad-Hoc|iPhoneSimulator.Build.0 = Release|x86
		{4E5FC206-0571-4C24-93EA-74BB33072311}.Ad-Hoc|iPhoneSimulator.Deploy.0 = Release|x86
		{4E5FC206-0571-4C24-93EA-74BB33072311}.Ad-Hoc|x64.ActiveCfg = Release|x64
		{4E5FC206-0571-4C24-93EA-74BB33072311}.Ad-Hoc|x64.Build.0 = Release|x64
		{4E5FC206-0571-4C24-93EA-74BB33072311}.Ad-Hoc|x64.Deploy.0 = Release|x64
		{4E5FC206-0571-4C24-93EA-74BB33072311}.Ad-Hoc|x86.ActiveCfg = Release|x86
		{4E5FC206-0571-4C24-93EA-74BB33072311}.Ad-Hoc|x86.Build.0 = Release|x86
		{4E5FC206-0571-4C24-93EA-74BB33072311}.Ad-Hoc|x86.Deploy.0 = Release|x86
		{4E5FC206-0571-4C24-93EA-74BB33072311}.AppStore|Any CPU.ActiveCfg = Release|x86
		{4E5FC206-0571-4C24-93EA-74BB33072311}.AppStore|Any CPU.Build.0 = Release|x86
		{4E5FC206-0571-4C24-93EA-74BB33072311}.AppStore|Any CPU.Deploy.0 = Release|x86
		{4E5FC206-0571-4C24-93EA-74BB33072311}.AppStore|ARM.ActiveCfg = Release|ARM
		{4E5FC206-0571-4C24-93EA-74BB33072311}.AppStore|ARM.Build.0 = Release|ARM
		{4E5FC206-0571-4C24-93EA-74BB33072311}.AppStore|ARM.Deploy.0 = Release|ARM
		{4E5FC206-0571-4C24-93EA-74BB33072311}.AppStore|iPhone.ActiveCfg = Release|x86
		{4E5FC206-0571-4C24-93EA-74BB33072311}.AppStore|iPhone.Build.0 = Release|x86
		{4E5FC206-0571-4C24-93EA-74BB33072311}.AppStore|iPhone.Deploy.0 = Release|x86
		{4E5FC206-0571-4C24-93EA-74BB33072311}.AppStore|iPhoneSimulator.ActiveCfg = Release|x86
		{4E5FC206-0571-4C24-93EA-74BB33072311}.AppStore|iPhoneSimulator.Build.0 = Release|x86
		{4E5FC206-0571-4C24-93EA-74BB33072311}.AppStore|iPhoneSimulator.Deploy.0 = Release|x86
		{4E5FC206-0571-4C24-93EA-74BB33072311}.AppStore|x64.ActiveCfg = Release|x64
		{4E5FC206-0571-4C24-93EA-74BB33072311}.AppStore|x64.Build.0 = Release|x64
		{4E5FC206-0571-4C24-93EA-74BB33072311}.AppStore|x64.Deploy.0 = Release|x64
		{4E5FC206-0571-4C24-93EA-74BB33072311}.AppStore|x86.ActiveCfg = Release|x86
		{4E5FC206-0571-4C24-93EA-74BB33072311}.AppStore|x86.Build.0 = Release|x86
		{4E5FC206-0571-4C24-93EA-74BB33072311}.AppStore|x86.Deploy.0 = Release|x86
		{4E5FC206-0571-4C24-93EA-74BB33072311}.Debug|Any CPU.ActiveCfg = Debug|x86
		{4E5FC206-0571-4C24-93EA-74BB33072311}.Debug|ARM.ActiveCfg = Debug|ARM
		{4E5FC206-0571-4C24-93EA-74BB33072311}.Debug|ARM.Build.0 = Debug|ARM
		{4E5FC206-0571-4C24-93EA-74BB33072311}.Debug|ARM.Deploy.0 = Debug|ARM
		{4E5FC206-0571-4C24-93EA-74BB33072311}.Debug|iPhone.ActiveCfg = Debug|x86
		{4E5FC206-0571-4C24-93EA-74BB33072311}.Debug|iPhoneSimulator.ActiveCfg = Debug|x86
		{4E5FC206-0571-4C24-93EA-74BB33072311}.Debug|x64.ActiveCfg = Debug|x64
		{4E5FC206-0571-4C24-93EA-74BB33072311}.Debug|x64.Build.0 = Debug|x64
		{4E5FC206-0571-4C24-93EA-74BB33072311}.Debug|x64.Deploy.0 = Debug|x64
		{4E5FC206-0571-4C24-93EA-74BB33072311}.Debug|x86.ActiveCfg = Debug|x86
		{4E5FC206-0571-4C24-93EA-74BB33072311}.Debug|x86.Build.0 = Debug|x86
		{4E5FC206-0571-4C24-93EA-74BB33072311}.Debug|x86.Deploy.0 = Debug|x86
		{4E5FC206-0571-4C24-93EA-74BB33072311}.Release|Any CPU.ActiveCfg = Release|x86
		{4E5FC206-0571-4C24-93EA-74BB33072311}.Release|ARM.ActiveCfg = Release|ARM
		{4E5FC206-0571-4C24-93EA-74BB33072311}.Release|ARM.Build.0 = Release|ARM
		{4E5FC206-0571-4C24-93EA-74BB33072311}.Release|ARM.Deploy.0 = Release|ARM
		{4E5FC206-0571-4C24-93EA-74BB33072311}.Release|iPhone.ActiveCfg = Release|x86
		{4E5FC206-0571-4C24-93EA-74BB33072311}.Release|iPhoneSimulator.ActiveCfg = Release|x86
		{4E5FC206-0571-4C24-93EA-74BB33072311}.Release|x64.ActiveCfg = Release|x64
		{4E5FC206-0571-4C24-93EA-74BB33072311}.Release|x64.Build.0 = Release|x64
		{4E5FC206-0571-4C24-93EA-74BB33072311}.Release|x64.Deploy.0 = Release|x64
		{4E5FC206-0571-4C24-93EA-74BB33072311}.Release|x86.ActiveCfg = Release|x86
		{4E5FC206-0571-4C24-93EA-74BB33072311}.Release|x86.Build.0 = Release|x86
		{4E5FC206-0571-4C24-93EA-74BB33072311}.Release|x86.Deploy.0 = Release|x86
		{806E12DA-094C-440E-A37D-3507A960079B}.Ad-Hoc|Any CPU.ActiveCfg = Debug|Any CPU
		{806E12DA-094C-440E-A37D-3507A960079B}.Ad-Hoc|Any CPU.Build.0 = Debug|Any CPU
		{806E12DA-094C-440E-A37D-3507A960079B}.Ad-Hoc|ARM.ActiveCfg = Debug|Any CPU
		{806E12DA-094C-440E-A37D-3507A960079B}.Ad-Hoc|ARM.Build.0 = Debug|Any CPU
		{806E12DA-094C-440E-A37D-3507A960079B}.Ad-Hoc|iPhone.ActiveCfg = Debug|Any CPU
		{806E12DA-094C-440E-A37D-3507A960079B}.Ad-Hoc|iPhone.Build.0 = Debug|Any CPU
		{806E12DA-094C-440E-A37D-3507A960079B}.Ad-Hoc|iPhoneSimulator.ActiveCfg = Debug|Any CPU
		{806E12DA-094C-440E-A37D-3507A960079B}.Ad-Hoc|iPhoneSimulator.Build.0 = Debug|Any CPU
		{806E12DA-094C-440E-A37D-3507A960079B}.Ad-Hoc|x64.ActiveCfg = Debug|Any CPU
		{806E12DA-094C-440E-A37D-3507A960079B}.Ad-Hoc|x64.Build.0 = Debug|Any CPU
		{806E12DA-094C-440E-A37D-3507A960079B}.Ad-Hoc|x86.ActiveCfg = Debug|Any CPU
		{806E12DA-094C-440E-A37D-3507A960079B}.Ad-Hoc|x86.Build.0 = Debug|Any CPU
		{806E12DA-094C-440E-A37D-3507A960079B}.AppStore|Any CPU.ActiveCfg = Debug|Any CPU
		{806E12DA-094C-440E-A37D-3507A960079B}.AppStore|Any CPU.Build.0 = Debug|Any CPU
		{806E12DA-094C-440E-A37D-3507A960079B}.AppStore|ARM.ActiveCfg = Debug|Any CPU
		{806E12DA-094C-440E-A37D-3507A960079B}.AppStore|ARM.Build.0 = Debug|Any CPU
		{806E12DA-094C-440E-A37D-3507A960079B}.AppStore|iPhone.ActiveCfg = Debug|Any CPU
		{806E12DA-094C-440E-A37D-3507A960079B}.AppStore|iPhone.Build.0 = Debug|Any CPU
		{806E12DA-094C-440E-A37D-3507A960079B}.AppStore|iPhoneSimulator.ActiveCfg = Debug|Any CPU
		{806E12DA-094C-440E-A37D-3507A960079B}.AppStore|iPhoneSimulator.Build.0 = Debug|Any CPU
		{806E12DA-094C-440E-A37D-3507A960079B}.AppStore|x64.ActiveCfg = Debug|Any CPU
		{806E12DA-094C-440E-A37D-3507A960079B}.AppStore|x64.Build.0 = Debug|Any CPU
		{806E12DA-094C-440E-A37D-3507A960079B}.AppStore|x86.ActiveCfg = Debug|Any CPU
		{806E12DA-094C-440E-A37D-3507A960079B}.AppStore|x86.Build.0 = Debug|Any CPU
		{806E12DA-094C-440E-A37D-3507A960079B}.Debug|Any CPU.ActiveCfg = Debug|Any CPU
		{806E12DA-094C-440E-A37D-3507A960079B}.Debug|Any CPU.Build.0 = Debug|Any CPU
		{806E12DA-094C-440E-A37D-3507A960079B}.Debug|ARM.ActiveCfg = Debug|Any CPU
		{806E12DA-094C-440E-A37D-3507A960079B}.Debug|ARM.Build.0 = Debug|Any CPU
		{806E12DA-094C-440E-A37D-3507A960079B}.Debug|iPhone.ActiveCfg = Debug|Any CPU
		{806E12DA-094C-440E-A37D-3507A960079B}.Debug|iPhone.Build.0 = Debug|Any CPU
		{806E12DA-094C-440E-A37D-3507A960079B}.Debug|iPhoneSimulator.ActiveCfg = Debug|Any CPU
		{806E12DA-094C-440E-A37D-3507A960079B}.Debug|iPhoneSimulator.Build.0 = Debug|Any CPU
		{806E12DA-094C-440E-A37D-3507A960079B}.Debug|x64.ActiveCfg = Debug|Any CPU
		{806E12DA-094C-440E-A37D-3507A960079B}.Debug|x64.Build.0 = Debug|Any CPU
		{806E12DA-094C-440E-A37D-3507A960079B}.Debug|x86.ActiveCfg = Debug|Any CPU
		{806E12DA-094C-440E-A37D-3507A960079B}.Debug|x86.Build.0 = Debug|Any CPU
		{806E12DA-094C-440E-A37D-3507A960079B}.Release|Any CPU.ActiveCfg = Release|Any CPU
		{806E12DA-094C-440E-A37D-3507A960079B}.Release|Any CPU.Build.0 = Release|Any CPU
		{806E12DA-094C-440E-A37D-3507A960079B}.Release|ARM.ActiveCfg = Release|Any CPU
		{806E12DA-094C-440E-A37D-3507A960079B}.Release|ARM.Build.0 = Release|Any CPU
		{806E12DA-094C-440E-A37D-3507A960079B}.Release|iPhone.ActiveCfg = Release|Any CPU
		{806E12DA-094C-440E-A37D-3507A960079B}.Release|iPhone.Build.0 = Release|Any CPU
		{806E12DA-094C-440E-A37D-3507A960079B}.Release|iPhoneSimulator.ActiveCfg = Release|Any CPU
		{806E12DA-094C-440E-A37D-3507A960079B}.Release|iPhoneSimulator.Build.0 = Release|Any CPU
		{806E12DA-094C-440E-A37D-3507A960079B}.Release|x64.ActiveCfg = Release|Any CPU
		{806E12DA-094C-440E-A37D-3507A960079B}.Release|x64.Build.0 = Release|Any CPU
		{806E12DA-094C-440E-A37D-3507A960079B}.Release|x86.ActiveCfg = Release|Any CPU
		{806E12DA-094C-440E-A37D-3507A960079B}.Release|x86.Build.0 = Release|Any CPU
	EndGlobalSection
	GlobalSection(SolutionProperties) = preSolution
		HideSolutionNode = FALSE
	EndGlobalSection
	GlobalSection(ExtensibilityGlobals) = postSolution
		SolutionGuid = {A7FDF598-F95F-496F-B60E-7F92BAD83892}
	EndGlobalSection
EndGlobal
